// !$*UTF8*$!
{
	archiveVersion = 1;
	classes = {
	};
	objectVersion = 46;
	objects = {

/* Begin PBXBuildFile section */
		3FFDEC9C1BEEF7140051B4CE /* airport_builder.m in Sources */ = {isa = PBXBuildFile; fileRef = 3FFDEC981BEEF7140051B4CE /* airport_builder.m */; settings = {ASSET_TAGS = (); }; };
		3FFDEC9D1BEEF7140051B4CE /* airports.json in Resources */ = {isa = PBXBuildFile; fileRef = 3FFDEC991BEEF7140051B4CE /* airports.json */; settings = {ASSET_TAGS = (); }; };
		3FFDEC9E1BEEF7140051B4CE /* flight_builder.m in Sources */ = {isa = PBXBuildFile; fileRef = 3FFDEC9B1BEEF7140051B4CE /* flight_builder.m */; settings = {ASSET_TAGS = (); }; };
		3FFDECA01BEEF7700051B4CE /* dao.m in Sources */ = {isa = PBXBuildFile; fileRef = 3FFDEC9F1BEEF7700051B4CE /* dao.m */; settings = {ASSET_TAGS = (); }; };
		3FFDECA31BEEFE900051B4CE /* SelectFlightViewController.m in Sources */ = {isa = PBXBuildFile; fileRef = 3FFDECA21BEEFE900051B4CE /* SelectFlightViewController.m */; settings = {ASSET_TAGS = (); }; };
		3FFDECA61BEF181B0051B4CE /* flights.json in Resources */ = {isa = PBXBuildFile; fileRef = 3FFDECA51BEF181B0051B4CE /* flights.json */; settings = {ASSET_TAGS = (); }; };
		3FFDECA91BEF1C720051B4CE /* voucher_builder.m in Sources */ = {isa = PBXBuildFile; fileRef = 3FFDECA81BEF1C720051B4CE /* voucher_builder.m */; settings = {ASSET_TAGS = (); }; };
		3FFDECAC1BEF29B70051B4CE /* Flow.m in Sources */ = {isa = PBXBuildFile; fileRef = 3FFDECAB1BEF29B70051B4CE /* Flow.m */; settings = {ASSET_TAGS = (); }; };
		7B36BB171BEE797800EF67D3 /* main.m in Sources */ = {isa = PBXBuildFile; fileRef = 7B36BB161BEE797800EF67D3 /* main.m */; };
		7B36BB1A1BEE797800EF67D3 /* AppDelegate.m in Sources */ = {isa = PBXBuildFile; fileRef = 7B36BB191BEE797800EF67D3 /* AppDelegate.m */; };
		7B36BB1D1BEE797800EF67D3 /* ViewController.m in Sources */ = {isa = PBXBuildFile; fileRef = 7B36BB1C1BEE797800EF67D3 /* ViewController.m */; };
		7B36BB201BEE797800EF67D3 /* Main.storyboard in Resources */ = {isa = PBXBuildFile; fileRef = 7B36BB1E1BEE797800EF67D3 /* Main.storyboard */; };
		7B36BB221BEE797800EF67D3 /* Assets.xcassets in Resources */ = {isa = PBXBuildFile; fileRef = 7B36BB211BEE797800EF67D3 /* Assets.xcassets */; };
		7B36BB251BEE797800EF67D3 /* LaunchScreen.storyboard in Resources */ = {isa = PBXBuildFile; fileRef = 7B36BB231BEE797800EF67D3 /* LaunchScreen.storyboard */; };
		7B36BB301BEE797800EF67D3 /* StoryBoardTestTests.m in Sources */ = {isa = PBXBuildFile; fileRef = 7B36BB2F1BEE797800EF67D3 /* StoryBoardTestTests.m */; };
		7B36BB3B1BEE797800EF67D3 /* StoryBoardTestUITests.m in Sources */ = {isa = PBXBuildFile; fileRef = 7B36BB3A1BEE797800EF67D3 /* StoryBoardTestUITests.m */; };
		7B36BB4D1BEE863B00EF67D3 /* 00_splash_bg.png in Resources */ = {isa = PBXBuildFile; fileRef = 7B36BB491BEE863B00EF67D3 /* 00_splash_bg.png */; };
		7B36BB4E1BEE863B00EF67D3 /* 00_splash_emirates_logo.png in Resources */ = {isa = PBXBuildFile; fileRef = 7B36BB4A1BEE863B00EF67D3 /* 00_splash_emirates_logo.png */; };
		7B36BB4F1BEE863B00EF67D3 /* 01_index_bg.png in Resources */ = {isa = PBXBuildFile; fileRef = 7B36BB4B1BEE863B00EF67D3 /* 01_index_bg.png */; };
		7B36BB501BEE863B00EF67D3 /* 01_index_header.png in Resources */ = {isa = PBXBuildFile; fileRef = 7B36BB4C1BEE863B00EF67D3 /* 01_index_header.png */; };
		7B36BB541BEEC0D500EF67D3 /* FlightViewController.m in Sources */ = {isa = PBXBuildFile; fileRef = 7B36BB531BEEC0D500EF67D3 /* FlightViewController.m */; };
/* End PBXBuildFile section */

/* Begin PBXContainerItemProxy section */
		7B36BB2C1BEE797800EF67D3 /* PBXContainerItemProxy */ = {
			isa = PBXContainerItemProxy;
			containerPortal = 7B36BB0A1BEE797800EF67D3 /* Project object */;
			proxyType = 1;
			remoteGlobalIDString = 7B36BB111BEE797800EF67D3;
			remoteInfo = StoryBoardTest;
		};
		7B36BB371BEE797800EF67D3 /* PBXContainerItemProxy */ = {
			isa = PBXContainerItemProxy;
			containerPortal = 7B36BB0A1BEE797800EF67D3 /* Project object */;
			proxyType = 1;
			remoteGlobalIDString = 7B36BB111BEE797800EF67D3;
			remoteInfo = StoryBoardTest;
		};
/* End PBXContainerItemProxy section */

/* Begin PBXFileReference section */
		3FFDEC971BEEF7140051B4CE /* airport_builder.h */ = {isa = PBXFileReference; fileEncoding = 4; lastKnownFileType = sourcecode.c.h; path = airport_builder.h; sourceTree = "<group>"; };
		3FFDEC981BEEF7140051B4CE /* airport_builder.m */ = {isa = PBXFileReference; fileEncoding = 4; lastKnownFileType = sourcecode.c.objc; path = airport_builder.m; sourceTree = "<group>"; };
		3FFDEC991BEEF7140051B4CE /* airports.json */ = {isa = PBXFileReference; fileEncoding = 4; lastKnownFileType = text.json; path = airports.json; sourceTree = "<group>"; };
		3FFDEC9A1BEEF7140051B4CE /* dao.h */ = {isa = PBXFileReference; fileEncoding = 4; lastKnownFileType = sourcecode.c.h; path = dao.h; sourceTree = "<group>"; };
		3FFDEC9B1BEEF7140051B4CE /* flight_builder.m */ = {isa = PBXFileReference; fileEncoding = 4; lastKnownFileType = sourcecode.c.objc; path = flight_builder.m; sourceTree = "<group>"; };
		3FFDEC9F1BEEF7700051B4CE /* dao.m */ = {isa = PBXFileReference; fileEncoding = 4; lastKnownFileType = sourcecode.c.objc; path = dao.m; sourceTree = "<group>"; };
		3FFDECA11BEEFE900051B4CE /* SelectFlightViewController.h */ = {isa = PBXFileReference; fileEncoding = 4; lastKnownFileType = sourcecode.c.h; path = SelectFlightViewController.h; sourceTree = "<group>"; };
		3FFDECA21BEEFE900051B4CE /* SelectFlightViewController.m */ = {isa = PBXFileReference; fileEncoding = 4; lastKnownFileType = sourcecode.c.objc; path = SelectFlightViewController.m; sourceTree = "<group>"; };
		3FFDECA41BEF122B0051B4CE /* flight_builder.h */ = {isa = PBXFileReference; lastKnownFileType = sourcecode.c.h; path = flight_builder.h; sourceTree = "<group>"; };
		3FFDECA51BEF181B0051B4CE /* flights.json */ = {isa = PBXFileReference; fileEncoding = 4; lastKnownFileType = text.json; path = flights.json; sourceTree = "<group>"; };
		3FFDECA71BEF1C720051B4CE /* voucher_builder.h */ = {isa = PBXFileReference; fileEncoding = 4; lastKnownFileType = sourcecode.c.h; path = voucher_builder.h; sourceTree = "<group>"; };
		3FFDECA81BEF1C720051B4CE /* voucher_builder.m */ = {isa = PBXFileReference; fileEncoding = 4; lastKnownFileType = sourcecode.c.objc; path = voucher_builder.m; sourceTree = "<group>"; };
		3FFDECAA1BEF29B70051B4CE /* Flow.h */ = {isa = PBXFileReference; fileEncoding = 4; lastKnownFileType = sourcecode.c.h; name = Flow.h; path = ../Flow.h; sourceTree = "<group>"; };
		3FFDECAB1BEF29B70051B4CE /* Flow.m */ = {isa = PBXFileReference; fileEncoding = 4; lastKnownFileType = sourcecode.c.objc; name = Flow.m; path = ../Flow.m; sourceTree = "<group>"; };
		7B36BB121BEE797800EF67D3 /* ExecTravel.app */ = {isa = PBXFileReference; explicitFileType = wrapper.application; includeInIndex = 0; path = ExecTravel.app; sourceTree = BUILT_PRODUCTS_DIR; };
		7B36BB161BEE797800EF67D3 /* main.m */ = {isa = PBXFileReference; lastKnownFileType = sourcecode.c.objc; path = main.m; sourceTree = "<group>"; };
		7B36BB181BEE797800EF67D3 /* AppDelegate.h */ = {isa = PBXFileReference; lastKnownFileType = sourcecode.c.h; path = AppDelegate.h; sourceTree = "<group>"; };
		7B36BB191BEE797800EF67D3 /* AppDelegate.m */ = {isa = PBXFileReference; lastKnownFileType = sourcecode.c.objc; path = AppDelegate.m; sourceTree = "<group>"; };
		7B36BB1B1BEE797800EF67D3 /* ViewController.h */ = {isa = PBXFileReference; lastKnownFileType = sourcecode.c.h; path = ViewController.h; sourceTree = "<group>"; };
		7B36BB1C1BEE797800EF67D3 /* ViewController.m */ = {isa = PBXFileReference; lastKnownFileType = sourcecode.c.objc; path = ViewController.m; sourceTree = "<group>"; };
		7B36BB1F1BEE797800EF67D3 /* Base */ = {isa = PBXFileReference; lastKnownFileType = file.storyboard; name = Base; path = Base.lproj/Main.storyboard; sourceTree = "<group>"; };
		7B36BB211BEE797800EF67D3 /* Assets.xcassets */ = {isa = PBXFileReference; lastKnownFileType = folder.assetcatalog; path = Assets.xcassets; sourceTree = "<group>"; };
		7B36BB241BEE797800EF67D3 /* Base */ = {isa = PBXFileReference; lastKnownFileType = file.storyboard; name = Base; path = Base.lproj/LaunchScreen.storyboard; sourceTree = "<group>"; };
		7B36BB261BEE797800EF67D3 /* Info.plist */ = {isa = PBXFileReference; lastKnownFileType = text.plist.xml; path = Info.plist; sourceTree = "<group>"; };
		7B36BB2B1BEE797800EF67D3 /* ExecTravel.xctest */ = {isa = PBXFileReference; explicitFileType = wrapper.cfbundle; includeInIndex = 0; path = ExecTravel.xctest; sourceTree = BUILT_PRODUCTS_DIR; };
		7B36BB2F1BEE797800EF67D3 /* StoryBoardTestTests.m */ = {isa = PBXFileReference; lastKnownFileType = sourcecode.c.objc; path = StoryBoardTestTests.m; sourceTree = "<group>"; };
		7B36BB311BEE797800EF67D3 /* Info.plist */ = {isa = PBXFileReference; lastKnownFileType = text.plist.xml; path = Info.plist; sourceTree = "<group>"; };
		7B36BB361BEE797800EF67D3 /* ExecTravel.xctest */ = {isa = PBXFileReference; explicitFileType = wrapper.cfbundle; includeInIndex = 0; path = ExecTravel.xctest; sourceTree = BUILT_PRODUCTS_DIR; };
		7B36BB3A1BEE797800EF67D3 /* StoryBoardTestUITests.m */ = {isa = PBXFileReference; lastKnownFileType = sourcecode.c.objc; path = StoryBoardTestUITests.m; sourceTree = "<group>"; };
		7B36BB3C1BEE797800EF67D3 /* Info.plist */ = {isa = PBXFileReference; lastKnownFileType = text.plist.xml; path = Info.plist; sourceTree = "<group>"; };
		7B36BB491BEE863B00EF67D3 /* 00_splash_bg.png */ = {isa = PBXFileReference; lastKnownFileType = image.png; path = 00_splash_bg.png; sourceTree = "<group>"; };
		7B36BB4A1BEE863B00EF67D3 /* 00_splash_emirates_logo.png */ = {isa = PBXFileReference; lastKnownFileType = image.png; path = 00_splash_emirates_logo.png; sourceTree = "<group>"; };
		7B36BB4B1BEE863B00EF67D3 /* 01_index_bg.png */ = {isa = PBXFileReference; lastKnownFileType = image.png; path = 01_index_bg.png; sourceTree = "<group>"; };
		7B36BB4C1BEE863B00EF67D3 /* 01_index_header.png */ = {isa = PBXFileReference; lastKnownFileType = image.png; path = 01_index_header.png; sourceTree = "<group>"; };
		7B36BB521BEEC0D500EF67D3 /* FlightViewController.h */ = {isa = PBXFileReference; fileEncoding = 4; lastKnownFileType = sourcecode.c.h; path = FlightViewController.h; sourceTree = "<group>"; };
		7B36BB531BEEC0D500EF67D3 /* FlightViewController.m */ = {isa = PBXFileReference; fileEncoding = 4; lastKnownFileType = sourcecode.c.objc; path = FlightViewController.m; sourceTree = "<group>"; };
/* End PBXFileReference section */

/* Begin PBXFrameworksBuildPhase section */
		7B36BB0F1BEE797800EF67D3 /* Frameworks */ = {
			isa = PBXFrameworksBuildPhase;
			buildActionMask = 2147483647;
			files = (
			);
			runOnlyForDeploymentPostprocessing = 0;
		};
		7B36BB281BEE797800EF67D3 /* Frameworks */ = {
			isa = PBXFrameworksBuildPhase;
			buildActionMask = 2147483647;
			files = (
			);
			runOnlyForDeploymentPostprocessing = 0;
		};
		7B36BB331BEE797800EF67D3 /* Frameworks */ = {
			isa = PBXFrameworksBuildPhase;
			buildActionMask = 2147483647;
			files = (
			);
			runOnlyForDeploymentPostprocessing = 0;
		};
/* End PBXFrameworksBuildPhase section */

/* Begin PBXGroup section */
		7B36BB091BEE797800EF67D3 = {
			isa = PBXGroup;
			children = (
				7B36BB141BEE797800EF67D3 /* StoryBoardTest */,
				7B36BB2E1BEE797800EF67D3 /* StoryBoardTestTests */,
				7B36BB391BEE797800EF67D3 /* StoryBoardTestUITests */,
				7B36BB131BEE797800EF67D3 /* Products */,
			);
			sourceTree = "<group>";
		};
		7B36BB131BEE797800EF67D3 /* Products */ = {
			isa = PBXGroup;
			children = (
				7B36BB121BEE797800EF67D3 /* ExecTravel.app */,
				7B36BB2B1BEE797800EF67D3 /* ExecTravel.xctest */,
				7B36BB361BEE797800EF67D3 /* ExecTravel.xctest */,
			);
			name = Products;
			sourceTree = "<group>";
		};
		7B36BB141BEE797800EF67D3 /* StoryBoardTest */ = {
			isa = PBXGroup;
			children = (
				3FFDECAA1BEF29B70051B4CE /* Flow.h */,
				3FFDECAB1BEF29B70051B4CE /* Flow.m */,
				7B36BB181BEE797800EF67D3 /* AppDelegate.h */,
				7B36BB191BEE797800EF67D3 /* AppDelegate.m */,
				7B36BB1B1BEE797800EF67D3 /* ViewController.h */,
				7B36BB1C1BEE797800EF67D3 /* ViewController.m */,
				7B36BB1E1BEE797800EF67D3 /* Main.storyboard */,
				7B36BB211BEE797800EF67D3 /* Assets.xcassets */,
				7B36BB511BEE865200EF67D3 /* emiratesAssets */,
				7B36BB231BEE797800EF67D3 /* LaunchScreen.storyboard */,
				7B36BB261BEE797800EF67D3 /* Info.plist */,
				7B36BB151BEE797800EF67D3 /* Supporting Files */,
				7B36BB521BEEC0D500EF67D3 /* FlightViewController.h */,
				7B36BB531BEEC0D500EF67D3 /* FlightViewController.m */,
				3FFDEC971BEEF7140051B4CE /* airport_builder.h */,
				3FFDEC981BEEF7140051B4CE /* airport_builder.m */,
				3FFDECA71BEF1C720051B4CE /* voucher_builder.h */,
				3FFDECA81BEF1C720051B4CE /* voucher_builder.m */,
				3FFDEC991BEEF7140051B4CE /* airports.json */,
				3FFDECA51BEF181B0051B4CE /* flights.json */,
				3FFDEC9F1BEEF7700051B4CE /* dao.m */,
				3FFDEC9A1BEEF7140051B4CE /* dao.h */,
				3FFDECA41BEF122B0051B4CE /* flight_builder.h */,
				3FFDEC9B1BEEF7140051B4CE /* flight_builder.m */,
				3FFDECA11BEEFE900051B4CE /* SelectFlightViewController.h */,
				3FFDECA21BEEFE900051B4CE /* SelectFlightViewController.m */,
			);
			path = StoryBoardTest;
			sourceTree = "<group>";
		};
		7B36BB151BEE797800EF67D3 /* Supporting Files */ = {
			isa = PBXGroup;
			children = (
				7B36BB161BEE797800EF67D3 /* main.m */,
			);
			name = "Supporting Files";
			sourceTree = "<group>";
		};
		7B36BB2E1BEE797800EF67D3 /* StoryBoardTestTests */ = {
			isa = PBXGroup;
			children = (
				7B36BB2F1BEE797800EF67D3 /* StoryBoardTestTests.m */,
				7B36BB311BEE797800EF67D3 /* Info.plist */,
			);
			path = StoryBoardTestTests;
			sourceTree = "<group>";
		};
		7B36BB391BEE797800EF67D3 /* StoryBoardTestUITests */ = {
			isa = PBXGroup;
			children = (
				7B36BB3A1BEE797800EF67D3 /* StoryBoardTestUITests.m */,
				7B36BB3C1BEE797800EF67D3 /* Info.plist */,
			);
			path = StoryBoardTestUITests;
			sourceTree = "<group>";
		};
		7B36BB511BEE865200EF67D3 /* emiratesAssets */ = {
			isa = PBXGroup;
			children = (
				7B36BB491BEE863B00EF67D3 /* 00_splash_bg.png */,
				7B36BB4A1BEE863B00EF67D3 /* 00_splash_emirates_logo.png */,
				7B36BB4B1BEE863B00EF67D3 /* 01_index_bg.png */,
				7B36BB4C1BEE863B00EF67D3 /* 01_index_header.png */,
			);
			name = emiratesAssets;
			sourceTree = "<group>";
		};
/* End PBXGroup section */

/* Begin PBXNativeTarget section */
		7B36BB111BEE797800EF67D3 /* ExecTravel */ = {
			isa = PBXNativeTarget;
			buildConfigurationList = 7B36BB3F1BEE797800EF67D3 /* Build configuration list for PBXNativeTarget "ExecTravel" */;
			buildPhases = (
				7B36BB0E1BEE797800EF67D3 /* Sources */,
				7B36BB0F1BEE797800EF67D3 /* Frameworks */,
				7B36BB101BEE797800EF67D3 /* Resources */,
			);
			buildRules = (
			);
			dependencies = (
			);
			name = ExecTravel;
			productName = StoryBoardTest;
			productReference = 7B36BB121BEE797800EF67D3 /* ExecTravel.app */;
			productType = "com.apple.product-type.application";
		};
		7B36BB2A1BEE797800EF67D3 /* ExecTravelTests */ = {
			isa = PBXNativeTarget;
			buildConfigurationList = 7B36BB421BEE797800EF67D3 /* Build configuration list for PBXNativeTarget "ExecTravelTests" */;
			buildPhases = (
				7B36BB271BEE797800EF67D3 /* Sources */,
				7B36BB281BEE797800EF67D3 /* Frameworks */,
				7B36BB291BEE797800EF67D3 /* Resources */,
			);
			buildRules = (
			);
			dependencies = (
				7B36BB2D1BEE797800EF67D3 /* PBXTargetDependency */,
			);
			name = ExecTravelTests;
			productName = StoryBoardTestTests;
			productReference = 7B36BB2B1BEE797800EF67D3 /* ExecTravel.xctest */;
			productType = "com.apple.product-type.bundle.unit-test";
		};
		7B36BB351BEE797800EF67D3 /* ExecTravelUITests */ = {
			isa = PBXNativeTarget;
			buildConfigurationList = 7B36BB451BEE797800EF67D3 /* Build configuration list for PBXNativeTarget "ExecTravelUITests" */;
			buildPhases = (
				7B36BB321BEE797800EF67D3 /* Sources */,
				7B36BB331BEE797800EF67D3 /* Frameworks */,
				7B36BB341BEE797800EF67D3 /* Resources */,
			);
			buildRules = (
			);
			dependencies = (
				7B36BB381BEE797800EF67D3 /* PBXTargetDependency */,
			);
			name = ExecTravelUITests;
			productName = StoryBoardTestUITests;
			productReference = 7B36BB361BEE797800EF67D3 /* ExecTravel.xctest */;
			productType = "com.apple.product-type.bundle.ui-testing";
		};
/* End PBXNativeTarget section */

/* Begin PBXProject section */
		7B36BB0A1BEE797800EF67D3 /* Project object */ = {
			isa = PBXProject;
			attributes = {
				LastUpgradeCheck = 0710;
				ORGANIZATIONNAME = livani;
				TargetAttributes = {
					7B36BB111BEE797800EF67D3 = {
						CreatedOnToolsVersion = 7.1;
						DevelopmentTeam = YD6X59KCTG;
					};
					7B36BB2A1BEE797800EF67D3 = {
						CreatedOnToolsVersion = 7.1;
						TestTargetID = 7B36BB111BEE797800EF67D3;
					};
					7B36BB351BEE797800EF67D3 = {
						CreatedOnToolsVersion = 7.1;
						TestTargetID = 7B36BB111BEE797800EF67D3;
					};
				};
			};
			buildConfigurationList = 7B36BB0D1BEE797800EF67D3 /* Build configuration list for PBXProject "ExecTravel" */;
			compatibilityVersion = "Xcode 3.2";
			developmentRegion = English;
			hasScannedForEncodings = 0;
			knownRegions = (
				en,
				Base,
			);
			mainGroup = 7B36BB091BEE797800EF67D3;
			productRefGroup = 7B36BB131BEE797800EF67D3 /* Products */;
			projectDirPath = "";
			projectRoot = "";
			targets = (
				7B36BB111BEE797800EF67D3 /* ExecTravel */,
				7B36BB2A1BEE797800EF67D3 /* ExecTravelTests */,
				7B36BB351BEE797800EF67D3 /* ExecTravelUITests */,
			);
		};
/* End PBXProject section */

/* Begin PBXResourcesBuildPhase section */
		7B36BB101BEE797800EF67D3 /* Resources */ = {
			isa = PBXResourcesBuildPhase;
			buildActionMask = 2147483647;
			files = (
				7B36BB4E1BEE863B00EF67D3 /* 00_splash_emirates_logo.png in Resources */,
				3FFDEC9D1BEEF7140051B4CE /* airports.json in Resources */,
				7B36BB251BEE797800EF67D3 /* LaunchScreen.storyboard in Resources */,
				7B36BB4F1BEE863B00EF67D3 /* 01_index_bg.png in Resources */,
				7B36BB4D1BEE863B00EF67D3 /* 00_splash_bg.png in Resources */,
				3FFDECA61BEF181B0051B4CE /* flights.json in Resources */,
				7B36BB221BEE797800EF67D3 /* Assets.xcassets in Resources */,
				7B36BB501BEE863B00EF67D3 /* 01_index_header.png in Resources */,
				7B36BB201BEE797800EF67D3 /* Main.storyboard in Resources */,
			);
			runOnlyForDeploymentPostprocessing = 0;
		};
		7B36BB291BEE797800EF67D3 /* Resources */ = {
			isa = PBXResourcesBuildPhase;
			buildActionMask = 2147483647;
			files = (
			);
			runOnlyForDeploymentPostprocessing = 0;
		};
		7B36BB341BEE797800EF67D3 /* Resources */ = {
			isa = PBXResourcesBuildPhase;
			buildActionMask = 2147483647;
			files = (
			);
			runOnlyForDeploymentPostprocessing = 0;
		};
/* End PBXResourcesBuildPhase section */

/* Begin PBXSourcesBuildPhase section */
		7B36BB0E1BEE797800EF67D3 /* Sources */ = {
			isa = PBXSourcesBuildPhase;
			buildActionMask = 2147483647;
			files = (
				7B36BB1D1BEE797800EF67D3 /* ViewController.m in Sources */,
				3FFDECA01BEEF7700051B4CE /* dao.m in Sources */,
				3FFDECA91BEF1C720051B4CE /* voucher_builder.m in Sources */,
				7B36BB1A1BEE797800EF67D3 /* AppDelegate.m in Sources */,
				7B36BB541BEEC0D500EF67D3 /* FlightViewController.m in Sources */,
				3FFDECAC1BEF29B70051B4CE /* Flow.m in Sources */,
				3FFDECA31BEEFE900051B4CE /* SelectFlightViewController.m in Sources */,
				3FFDEC9E1BEEF7140051B4CE /* flight_builder.m in Sources */,
				7B36BB171BEE797800EF67D3 /* main.m in Sources */,
				3FFDEC9C1BEEF7140051B4CE /* airport_builder.m in Sources */,
			);
			runOnlyForDeploymentPostprocessing = 0;
		};
		7B36BB271BEE797800EF67D3 /* Sources */ = {
			isa = PBXSourcesBuildPhase;
			buildActionMask = 2147483647;
			files = (
				7B36BB301BEE797800EF67D3 /* StoryBoardTestTests.m in Sources */,
			);
			runOnlyForDeploymentPostprocessing = 0;
		};
		7B36BB321BEE797800EF67D3 /* Sources */ = {
			isa = PBXSourcesBuildPhase;
			buildActionMask = 2147483647;
			files = (
				7B36BB3B1BEE797800EF67D3 /* StoryBoardTestUITests.m in Sources */,
			);
			runOnlyForDeploymentPostprocessing = 0;
		};
/* End PBXSourcesBuildPhase section */

/* Begin PBXTargetDependency section */
		7B36BB2D1BEE797800EF67D3 /* PBXTargetDependency */ = {
			isa = PBXTargetDependency;
			target = 7B36BB111BEE797800EF67D3 /* ExecTravel */;
			targetProxy = 7B36BB2C1BEE797800EF67D3 /* PBXContainerItemProxy */;
		};
		7B36BB381BEE797800EF67D3 /* PBXTargetDependency */ = {
			isa = PBXTargetDependency;
			target = 7B36BB111BEE797800EF67D3 /* ExecTravel */;
			targetProxy = 7B36BB371BEE797800EF67D3 /* PBXContainerItemProxy */;
		};
/* End PBXTargetDependency section */

/* Begin PBXVariantGroup section */
		7B36BB1E1BEE797800EF67D3 /* Main.storyboard */ = {
			isa = PBXVariantGroup;
			children = (
				7B36BB1F1BEE797800EF67D3 /* Base */,
			);
			name = Main.storyboard;
			sourceTree = "<group>";
		};
		7B36BB231BEE797800EF67D3 /* LaunchScreen.storyboard */ = {
			isa = PBXVariantGroup;
			children = (
				7B36BB241BEE797800EF67D3 /* Base */,
			);
			name = LaunchScreen.storyboard;
			sourceTree = "<group>";
		};
/* End PBXVariantGroup section */

/* Begin XCBuildConfiguration section */
		7B36BB3D1BEE797800EF67D3 /* Debug */ = {
			isa = XCBuildConfiguration;
			buildSettings = {
				ALWAYS_SEARCH_USER_PATHS = NO;
				CLANG_CXX_LANGUAGE_STANDARD = "gnu++0x";
				CLANG_CXX_LIBRARY = "libc++";
				CLANG_ENABLE_MODULES = YES;
				CLANG_ENABLE_OBJC_ARC = YES;
				CLANG_WARN_BOOL_CONVERSION = YES;
				CLANG_WARN_CONSTANT_CONVERSION = YES;
				CLANG_WARN_DIRECT_OBJC_ISA_USAGE = YES_ERROR;
				CLANG_WARN_EMPTY_BODY = YES;
				CLANG_WARN_ENUM_CONVERSION = YES;
				CLANG_WARN_INT_CONVERSION = YES;
				CLANG_WARN_OBJC_ROOT_CLASS = YES_ERROR;
				CLANG_WARN_UNREACHABLE_CODE = YES;
				CLANG_WARN__DUPLICATE_METHOD_MATCH = YES;
				"CODE_SIGN_IDENTITY[sdk=iphoneos*]" = "iPhone Developer";
				COPY_PHASE_STRIP = NO;
				DEBUG_INFORMATION_FORMAT = dwarf;
				ENABLE_STRICT_OBJC_MSGSEND = YES;
				ENABLE_TESTABILITY = YES;
				GCC_C_LANGUAGE_STANDARD = gnu99;
				GCC_DYNAMIC_NO_PIC = NO;
				GCC_NO_COMMON_BLOCKS = YES;
				GCC_OPTIMIZATION_LEVEL = 0;
				GCC_PREPROCESSOR_DEFINITIONS = (
					"DEBUG=1",
					"$(inherited)",
				);
				GCC_WARN_64_TO_32_BIT_CONVERSION = YES;
				GCC_WARN_ABOUT_RETURN_TYPE = YES_ERROR;
				GCC_WARN_UNDECLARED_SELECTOR = YES;
				GCC_WARN_UNINITIALIZED_AUTOS = YES_AGGRESSIVE;
				GCC_WARN_UNUSED_FUNCTION = YES;
				GCC_WARN_UNUSED_VARIABLE = YES;
				IPHONEOS_DEPLOYMENT_TARGET = 9.1;
				MTL_ENABLE_DEBUG_INFO = YES;
				ONLY_ACTIVE_ARCH = YES;
				SDKROOT = iphoneos;
			};
			name = Debug;
		};
		7B36BB3E1BEE797800EF67D3 /* Release */ = {
			isa = XCBuildConfiguration;
			buildSettings = {
				ALWAYS_SEARCH_USER_PATHS = NO;
				CLANG_CXX_LANGUAGE_STANDARD = "gnu++0x";
				CLANG_CXX_LIBRARY = "libc++";
				CLANG_ENABLE_MODULES = YES;
				CLANG_ENABLE_OBJC_ARC = YES;
				CLANG_WARN_BOOL_CONVERSION = YES;
				CLANG_WARN_CONSTANT_CONVERSION = YES;
				CLANG_WARN_DIRECT_OBJC_ISA_USAGE = YES_ERROR;
				CLANG_WARN_EMPTY_BODY = YES;
				CLANG_WARN_ENUM_CONVERSION = YES;
				CLANG_WARN_INT_CONVERSION = YES;
				CLANG_WARN_OBJC_ROOT_CLASS = YES_ERROR;
				CLANG_WARN_UNREACHABLE_CODE = YES;
				CLANG_WARN__DUPLICATE_METHOD_MATCH = YES;
				"CODE_SIGN_IDENTITY[sdk=iphoneos*]" = "iPhone Developer";
				COPY_PHASE_STRIP = NO;
				DEBUG_INFORMATION_FORMAT = "dwarf-with-dsym";
				ENABLE_NS_ASSERTIONS = NO;
				ENABLE_STRICT_OBJC_MSGSEND = YES;
				GCC_C_LANGUAGE_STANDARD = gnu99;
				GCC_NO_COMMON_BLOCKS = YES;
				GCC_WARN_64_TO_32_BIT_CONVERSION = YES;
				GCC_WARN_ABOUT_RETURN_TYPE = YES_ERROR;
				GCC_WARN_UNDECLARED_SELECTOR = YES;
				GCC_WARN_UNINITIALIZED_AUTOS = YES_AGGRESSIVE;
				GCC_WARN_UNUSED_FUNCTION = YES;
				GCC_WARN_UNUSED_VARIABLE = YES;
				IPHONEOS_DEPLOYMENT_TARGET = 9.1;
				MTL_ENABLE_DEBUG_INFO = NO;
				SDKROOT = iphoneos;
				VALIDATE_PRODUCT = YES;
			};
			name = Release;
		};
		7B36BB401BEE797800EF67D3 /* Debug */ = {
			isa = XCBuildConfiguration;
			buildSettings = {
				ASSETCATALOG_COMPILER_APPICON_NAME = AppIcon;
				CODE_SIGN_IDENTITY = "iPhone Developer";
				INFOPLIST_FILE = StoryBoardTest/Info.plist;
				IPHONEOS_DEPLOYMENT_TARGET = 9.0;
				LD_RUNPATH_SEARCH_PATHS = "$(inherited) @executable_path/Frameworks";
				PRODUCT_BUNDLE_IDENTIFIER = com.travelhacks.Exec;
				PRODUCT_NAME = ExecTravel;
				TARGETED_DEVICE_FAMILY = 1;
			};
			name = Debug;
		};
		7B36BB411BEE797800EF67D3 /* Release */ = {
			isa = XCBuildConfiguration;
			buildSettings = {
				ASSETCATALOG_COMPILER_APPICON_NAME = AppIcon;
				CODE_SIGN_IDENTITY = "iPhone Developer";
				INFOPLIST_FILE = StoryBoardTest/Info.plist;
				IPHONEOS_DEPLOYMENT_TARGET = 9.0;
				LD_RUNPATH_SEARCH_PATHS = "$(inherited) @executable_path/Frameworks";
				PRODUCT_BUNDLE_IDENTIFIER = com.travelhacks.Exec;
				PRODUCT_NAME = ExecTravel;
				TARGETED_DEVICE_FAMILY = 1;
			};
			name = Release;
		};
		7B36BB431BEE797800EF67D3 /* Debug */ = {
			isa = XCBuildConfiguration;
			buildSettings = {
				BUNDLE_LOADER = "$(TEST_HOST)";
				INFOPLIST_FILE = StoryBoardTestTests/Info.plist;
				LD_RUNPATH_SEARCH_PATHS = "$(inherited) @executable_path/Frameworks @loader_path/Frameworks";
				PRODUCT_BUNDLE_IDENTIFIER = com.livani.StoryBoardTestTests;
				PRODUCT_NAME = ExecTravel;
				TEST_HOST = "$(BUILT_PRODUCTS_DIR)/ExecTravel.app/ExecTravel";
			};
			name = Debug;
		};
		7B36BB441BEE797800EF67D3 /* Release */ = {
			isa = XCBuildConfiguration;
			buildSettings = {
				BUNDLE_LOADER = "$(TEST_HOST)";
				INFOPLIST_FILE = StoryBoardTestTests/Info.plist;
				LD_RUNPATH_SEARCH_PATHS = "$(inherited) @executable_path/Frameworks @loader_path/Frameworks";
				PRODUCT_BUNDLE_IDENTIFIER = com.livani.StoryBoardTestTests;
				PRODUCT_NAME = ExecTravel;
				TEST_HOST = "$(BUILT_PRODUCTS_DIR)/ExecTravel.app/ExecTravel";
			};
			name = Release;
		};
		7B36BB461BEE797800EF67D3 /* Debug */ = {
			isa = XCBuildConfiguration;
			buildSettings = {
				INFOPLIST_FILE = StoryBoardTestUITests/Info.plist;
				IPHONEOS_DEPLOYMENT_TARGET = 6.0;
				LD_RUNPATH_SEARCH_PATHS = "$(inherited) @executable_path/Frameworks @loader_path/Frameworks";
				PRODUCT_BUNDLE_IDENTIFIER = com.livani.StoryBoardTestUITests;
				PRODUCT_NAME = ExecTravel;
				TEST_TARGET_NAME = StoryBoardTest;
				USES_XCTRUNNER = YES;
			};
			name = Debug;
		};
		7B36BB471BEE797800EF67D3 /* Release */ = {
			isa = XCBuildConfiguration;
			buildSettings = {
				INFOPLIST_FILE = StoryBoardTestUITests/Info.plist;
				IPHONEOS_DEPLOYMENT_TARGET = 6.0;
				LD_RUNPATH_SEARCH_PATHS = "$(inherited) @executable_path/Frameworks @loader_path/Frameworks";
				PRODUCT_BUNDLE_IDENTIFIER = com.livani.StoryBoardTestUITests;
				PRODUCT_NAME = ExecTravel;
				TEST_TARGET_NAME = StoryBoardTest;
				USES_XCTRUNNER = YES;
			};
			name = Release;
		};
/* End XCBuildConfiguration section */

/* Begin XCConfigurationList section */
		7B36BB0D1BEE797800EF67D3 /* Build configuration list for PBXProject "ExecTravel" */ = {
			isa = XCConfigurationList;
			buildConfigurations = (
				7B36BB3D1BEE797800EF67D3 /* Debug */,
				7B36BB3E1BEE797800EF67D3 /* Release */,
			);
			defaultConfigurationIsVisible = 0;
			defaultConfigurationName = Release;
		};
		7B36BB3F1BEE797800EF67D3 /* Build configuration list for PBXNativeTarget "ExecTravel" */ = {
			isa = XCConfigurationList;
			buildConfigurations = (
				7B36BB401BEE797800EF67D3 /* Debug */,
				7B36BB411BEE797800EF67D3 /* Release */,
			);
			defaultConfigurationIsVisible = 0;
			defaultConfigurationName = Release;
		};
		7B36BB421BEE797800EF67D3 /* Build configuration list for PBXNativeTarget "ExecTravelTests" */ = {
			isa = XCConfigurationList;
			buildConfigurations = (
				7B36BB431BEE797800EF67D3 /* Debug */,
				7B36BB441BEE797800EF67D3 /* Release */,
			);
			defaultConfigurationIsVisible = 0;
			defaultConfigurationName = Release;
		};
		7B36BB451BEE797800EF67D3 /* Build configuration list for PBXNativeTarget "ExecTravelUITests" */ = {
			isa = XCConfigurationList;
			buildConfigurations = (
				7B36BB461BEE797800EF67D3 /* Debug */,
				7B36BB471BEE797800EF67D3 /* Release */,
			);
			defaultConfigurationIsVisible = 0;
			defaultConfigurationName = Release;
		};
/* End XCConfigurationList section */
	};
	rootObject = 7B36BB0A1BEE797800EF67D3 /* Project object */;
}
